{
  "name": "politopics-db",
  "version": "1.0.0",
  "lockfileVersion": 3,
  "requires": true,
  "packages": {
    "": {
      "name": "politopics-db",
      "version": "1.0.0",
      "license": "ISC",
      "dependencies": {
        "@aws-sdk/client-dynamodb": "^3.826.0",
        "@aws-sdk/lib-dynamodb": "^3.826.0",
        "bowser": "^2.11.0",
        "obliterator": "^1.6.1",
        "strnum": "^1.1.2",
        "tslib": "^2.8.1"
      }
    },
    "node_modules/@aws-crypto/sha256-browser": {
      "version": "5.2.0",
      "license": "Apache-2.0",
      "dependencies": {
        "@aws-crypto/sha256-js": "^5.2.0",
        "@aws-crypto/supports-web-crypto": "^5.2.0",
        "@aws-crypto/util": "^5.2.0",
        "@aws-sdk/types": "^3.222.0",
        "@aws-sdk/util-locate-window": "^3.0.0",
        "@smithy/util-utf8": "^2.0.0",
        "tslib": "^2.6.2"
      }
    },
    "node_modules/@aws-crypto/sha256-browser/node_modules/@smithy/is-array-buffer": {
      "version": "2.2.0",
      "license": "Apache-2.0",
      "dependencies": {
        "tslib": "^2.6.2"
      },
      "engines": {
        "node": ">=14.0.0"
      }
    },
    "node_modules/@aws-crypto/sha256-browser/node_modules/@smithy/util-buffer-from": {
      "version": "2.2.0",
      "license": "Apache-2.0",
      "dependencies": {
        "@smithy/is-array-buffer": "^2.2.0",
        "tslib": "^2.6.2"
      },
      "engines": {
        "node": ">=14.0.0"
      }
    },
    "node_modules/@aws-crypto/sha256-browser/node_modules/@smithy/util-utf8": {
      "version": "2.3.0",
      "license": "Apache-2.0",
      "dependencies": {
        "@smithy/util-buffer-from": "^2.2.0",
        "tslib": "^2.6.2"
      },
      "engines": {
        "node": ">=14.0.0"
      }
    },
    "node_modules/@aws-crypto/sha256-js": {
      "version": "5.2.0",
      "license": "Apache-2.0",
      "dependencies": {
        "@aws-crypto/util": "^5.2.0",
        "@aws-sdk/types": "^3.222.0",
        "tslib": "^2.6.2"
      },
      "engines": {
        "node": ">=16.0.0"
      }
    },
    "node_modules/@aws-crypto/supports-web-crypto": {
      "version": "5.2.0",
      "license": "Apache-2.0",
      "dependencies": {
        "tslib": "^2.6.2"
      }
    },
    "node_modules/@aws-crypto/util": {
      "version": "5.2.0",
      "license": "Apache-2.0",
      "dependencies": {
        "@aws-sdk/types": "^3.222.0",
        "@smithy/util-utf8": "^2.0.0",
        "tslib": "^2.6.2"
      }
    },
    "node_modules/@aws-crypto/util/node_modules/@smithy/is-array-buffer": {
      "version": "2.2.0",
      "license": "Apache-2.0",
      "dependencies": {
        "tslib": "^2.6.2"
      },
      "engines": {
        "node": ">=14.0.0"
      }
    },
    "node_modules/@aws-crypto/util/node_modules/@smithy/util-buffer-from": {
      "version": "2.2.0",
      "license": "Apache-2.0",
      "dependencies": {
        "@smithy/is-array-buffer": "^2.2.0",
        "tslib": "^2.6.2"
      },
      "engines": {
        "node": ">=14.0.0"
      }
    },
    "node_modules/@aws-crypto/util/node_modules/@smithy/util-utf8": {
      "version": "2.3.0",
      "license": "Apache-2.0",
      "dependencies": {
        "@smithy/util-buffer-from": "^2.2.0",
        "tslib": "^2.6.2"
      },
      "engines": {
        "node": ">=14.0.0"
      }
    },
    "node_modules/@aws-sdk/client-dynamodb": {
      "version": "3.826.0",
      "resolved": "https://registry.npmjs.org/@aws-sdk/client-dynamodb/-/client-dynamodb-3.826.0.tgz",
      "integrity": "sha512-EtgX1IqnrywGBREFuLTI6Va7I2SfL4RGxSONLi3NRHsmVh3/D5cV4imfrCDJ2I2vMOwk46/X6YDTS/Oz8uP/OQ==",
      "license": "Apache-2.0",
      "dependencies": {
        "@aws-crypto/sha256-browser": "5.2.0",
        "@aws-crypto/sha256-js": "5.2.0",
        "@aws-sdk/core": "3.826.0",
        "@aws-sdk/credential-provider-node": "3.826.0",
        "@aws-sdk/middleware-endpoint-discovery": "3.821.0",
        "@aws-sdk/middleware-host-header": "3.821.0",
        "@aws-sdk/middleware-logger": "3.821.0",
        "@aws-sdk/middleware-recursion-detection": "3.821.0",
        "@aws-sdk/middleware-user-agent": "3.826.0",
        "@aws-sdk/region-config-resolver": "3.821.0",
        "@aws-sdk/types": "3.821.0",
        "@aws-sdk/util-endpoints": "3.821.0",
        "@aws-sdk/util-user-agent-browser": "3.821.0",
        "@aws-sdk/util-user-agent-node": "3.826.0",
        "@smithy/config-resolver": "^4.1.4",
        "@smithy/core": "^3.5.3",
        "@smithy/fetch-http-handler": "^5.0.4",
        "@smithy/hash-node": "^4.0.4",
        "@smithy/invalid-dependency": "^4.0.4",
        "@smithy/middleware-content-length": "^4.0.4",
        "@smithy/middleware-endpoint": "^4.1.11",
        "@smithy/middleware-retry": "^4.1.12",
        "@smithy/middleware-serde": "^4.0.8",
        "@smithy/middleware-stack": "^4.0.4",
        "@smithy/node-config-provider": "^4.1.3",
        "@smithy/node-http-handler": "^4.0.6",
        "@smithy/protocol-http": "^5.1.2",
        "@smithy/smithy-client": "^4.4.3",
        "@smithy/types": "^4.3.1",
        "@smithy/url-parser": "^4.0.4",
        "@smithy/util-base64": "^4.0.0",
        "@smithy/util-body-length-browser": "^4.0.0",
        "@smithy/util-body-length-node": "^4.0.0",
        "@smithy/util-defaults-mode-browser": "^4.0.19",
        "@smithy/util-defaults-mode-node": "^4.0.19",
        "@smithy/util-endpoints": "^3.0.6",
        "@smithy/util-middleware": "^4.0.4",
        "@smithy/util-retry": "^4.0.5",
        "@smithy/util-utf8": "^4.0.0",
        "@smithy/util-waiter": "^4.0.5",
        "@types/uuid": "^9.0.1",
        "tslib": "^2.6.2",
        "uuid": "^9.0.1"
      },
      "engines": {
        "node": ">=18.0.0"
      }
    },
    "node_modules/@aws-sdk/core": {
      "version": "3.826.0",
      "resolved": "https://registry.npmjs.org/@aws-sdk/core/-/core-3.826.0.tgz",
      "integrity": "sha512-BGbQYzWj3ps+dblq33FY5tz/SsgJCcXX0zjQlSC07tYvU1jHTUvsefphyig+fY38xZ4wdKjbTop+KUmXUYrOXw==",
      "license": "Apache-2.0",
      "dependencies": {
        "@aws-sdk/types": "3.821.0",
        "@aws-sdk/xml-builder": "3.821.0",
        "@smithy/core": "^3.5.3",
        "@smithy/node-config-provider": "^4.1.3",
        "@smithy/property-provider": "^4.0.4",
        "@smithy/protocol-http": "^5.1.2",
        "@smithy/signature-v4": "^5.1.2",
        "@smithy/smithy-client": "^4.4.3",
        "@smithy/types": "^4.3.1",
        "@smithy/util-base64": "^4.0.0",
        "@smithy/util-body-length-browser": "^4.0.0",
        "@smithy/util-middleware": "^4.0.4",
        "@smithy/util-utf8": "^4.0.0",
        "fast-xml-parser": "4.4.1",
        "tslib": "^2.6.2"
      },
      "engines": {
        "node": ">=18.0.0"
      }
    },
    "node_modules/@aws-sdk/core/node_modules/@smithy/signature-v4": {
      "version": "5.1.2",
      "resolved": "https://registry.npmjs.org/@smithy/signature-v4/-/signature-v4-5.1.2.tgz",
      "integrity": "sha512-d3+U/VpX7a60seHziWnVZOHuEgJlclufjkS6zhXvxcJgkJq4UWdH5eOBLzHRMx6gXjsdT9h6lfpmLzbrdupHgQ==",
      "license": "Apache-2.0",
      "dependencies": {
        "@smithy/is-array-buffer": "^4.0.0",
        "@smithy/protocol-http": "^5.1.2",
        "@smithy/types": "^4.3.1",
        "@smithy/util-hex-encoding": "^4.0.0",
        "@smithy/util-middleware": "^4.0.4",
        "@smithy/util-uri-escape": "^4.0.0",
        "@smithy/util-utf8": "^4.0.0",
        "tslib": "^2.6.2"
      },
      "engines": {
        "node": ">=18.0.0"
      }
    },
    "node_modules/@aws-sdk/core/node_modules/fast-xml-parser": {
      "version": "4.4.1",
      "resolved": "https://registry.npmjs.org/fast-xml-parser/-/fast-xml-parser-4.4.1.tgz",
      "integrity": "sha512-xkjOecfnKGkSsOwtZ5Pz7Us/T6mrbPQrq0nh+aCO5V9nk5NLWmasAHumTKjiPJPWANe+kAZ84Jc8ooJkzZ88Sw==",
      "funding": [
        {
          "type": "github",
          "url": "https://github.com/sponsors/NaturalIntelligence"
        },
        {
          "type": "paypal",
          "url": "https://paypal.me/naturalintelligence"
        }
      ],
      "license": "MIT",
      "dependencies": {
        "strnum": "^1.0.5"
      },
      "bin": {
        "fxparser": "src/cli/cli.js"
      }
    },
    "node_modules/@aws-sdk/credential-provider-env": {
      "version": "3.826.0",
      "license": "Apache-2.0",
      "dependencies": {
        "@aws-sdk/core": "3.826.0",
        "@aws-sdk/types": "3.821.0",
        "@smithy/property-provider": "^4.0.4",
        "@smithy/types": "^4.3.1",
        "tslib": "^2.6.2"
      },
      "engines": {
        "node": ">=18.0.0"
      }
    },
    "node_modules/@aws-sdk/credential-provider-http": {
      "version": "3.826.0",
      "license": "Apache-2.0",
      "dependencies": {
        "@aws-sdk/core": "3.826.0",
        "@aws-sdk/types": "3.821.0",
        "@smithy/fetch-http-handler": "^5.0.4",
        "@smithy/node-http-handler": "^4.0.6",
        "@smithy/property-provider": "^4.0.4",
        "@smithy/protocol-http": "^5.1.2",
        "@smithy/smithy-client": "^4.4.3",
        "@smithy/types": "^4.3.1",
        "@smithy/util-stream": "^4.2.2",
        "tslib": "^2.6.2"
      },
      "engines": {
        "node": ">=18.0.0"
      }
    },
    "node_modules/@aws-sdk/credential-provider-http/node_modules/@smithy/util-stream": {
      "version": "4.2.2",
      "resolved": "https://registry.npmjs.org/@smithy/util-stream/-/util-stream-4.2.2.tgz",
      "integrity": "sha512-aI+GLi7MJoVxg24/3J1ipwLoYzgkB4kUfogZfnslcYlynj3xsQ0e7vk4TnTro9hhsS5PvX1mwmkRqqHQjwcU7w==",
      "license": "Apache-2.0",
      "dependencies": {
        "@smithy/fetch-http-handler": "^5.0.4",
        "@smithy/node-http-handler": "^4.0.6",
        "@smithy/types": "^4.3.1",
        "@smithy/util-base64": "^4.0.0",
        "@smithy/util-buffer-from": "^4.0.0",
        "@smithy/util-hex-encoding": "^4.0.0",
        "@smithy/util-utf8": "^4.0.0",
        "tslib": "^2.6.2"
      },
      "engines": {
        "node": ">=18.0.0"
      }
    },
    "node_modules/@aws-sdk/credential-provider-ini": {
      "version": "3.826.0",
      "license": "Apache-2.0",
      "dependencies": {
        "@aws-sdk/core": "3.826.0",
        "@aws-sdk/credential-provider-env": "3.826.0",
        "@aws-sdk/credential-provider-http": "3.826.0",
        "@aws-sdk/credential-provider-process": "3.826.0",
        "@aws-sdk/credential-provider-sso": "3.826.0",
        "@aws-sdk/credential-provider-web-identity": "3.826.0",
        "@aws-sdk/nested-clients": "3.826.0",
        "@aws-sdk/types": "3.821.0",
        "@smithy/credential-provider-imds": "^4.0.6",
        "@smithy/property-provider": "^4.0.4",
        "@smithy/shared-ini-file-loader": "^4.0.4",
        "@smithy/types": "^4.3.1",
        "tslib": "^2.6.2"
      },
      "engines": {
        "node": ">=18.0.0"
      }
    },
    "node_modules/@aws-sdk/credential-provider-ini/node_modules/@aws-sdk/nested-clients": {
      "version": "3.826.0",
      "resolved": "https://registry.npmjs.org/@aws-sdk/nested-clients/-/nested-clients-3.826.0.tgz",
      "integrity": "sha512-p7olPq0uTtHqGuXI1GSc/gzKDvV55PMbLtnmupEDfnY9SoRu+QatbWQ6da9sI1lhOcNmRMgiNQBXFzaUFrG+SQ==",
      "license": "Apache-2.0",
      "dependencies": {
        "@aws-crypto/sha256-browser": "5.2.0",
        "@aws-crypto/sha256-js": "5.2.0",
        "@aws-sdk/core": "3.826.0",
        "@aws-sdk/middleware-host-header": "3.821.0",
        "@aws-sdk/middleware-logger": "3.821.0",
        "@aws-sdk/middleware-recursion-detection": "3.821.0",
        "@aws-sdk/middleware-user-agent": "3.826.0",
        "@aws-sdk/region-config-resolver": "3.821.0",
        "@aws-sdk/types": "3.821.0",
        "@aws-sdk/util-endpoints": "3.821.0",
        "@aws-sdk/util-user-agent-browser": "3.821.0",
        "@aws-sdk/util-user-agent-node": "3.826.0",
        "@smithy/config-resolver": "^4.1.4",
        "@smithy/core": "^3.5.3",
        "@smithy/fetch-http-handler": "^5.0.4",
        "@smithy/hash-node": "^4.0.4",
        "@smithy/invalid-dependency": "^4.0.4",
        "@smithy/middleware-content-length": "^4.0.4",
        "@smithy/middleware-endpoint": "^4.1.11",
        "@smithy/middleware-retry": "^4.1.12",
        "@smithy/middleware-serde": "^4.0.8",
        "@smithy/middleware-stack": "^4.0.4",
        "@smithy/node-config-provider": "^4.1.3",
        "@smithy/node-http-handler": "^4.0.6",
        "@smithy/protocol-http": "^5.1.2",
        "@smithy/smithy-client": "^4.4.3",
        "@smithy/types": "^4.3.1",
        "@smithy/url-parser": "^4.0.4",
        "@smithy/util-base64": "^4.0.0",
        "@smithy/util-body-length-browser": "^4.0.0",
        "@smithy/util-body-length-node": "^4.0.0",
        "@smithy/util-defaults-mode-browser": "^4.0.19",
        "@smithy/util-defaults-mode-node": "^4.0.19",
        "@smithy/util-endpoints": "^3.0.6",
        "@smithy/util-middleware": "^4.0.4",
        "@smithy/util-retry": "^4.0.5",
        "@smithy/util-utf8": "^4.0.0",
        "tslib": "^2.6.2"
      },
      "engines": {
        "node": ">=18.0.0"
      }
    },
    "node_modules/@aws-sdk/credential-provider-ini/node_modules/@smithy/credential-provider-imds": {
      "version": "4.0.6",
      "resolved": "https://registry.npmjs.org/@smithy/credential-provider-imds/-/credential-provider-imds-4.0.6.tgz",
      "integrity": "sha512-hKMWcANhUiNbCJouYkZ9V3+/Qf9pteR1dnwgdyzR09R4ODEYx8BbUysHwRSyex4rZ9zapddZhLFTnT4ZijR4pw==",
      "license": "Apache-2.0",
      "dependencies": {
        "@smithy/node-config-provider": "^4.1.3",
        "@smithy/property-provider": "^4.0.4",
        "@smithy/types": "^4.3.1",
        "@smithy/url-parser": "^4.0.4",
        "tslib": "^2.6.2"
      },
      "engines": {
        "node": ">=18.0.0"
      }
    },
    "node_modules/@aws-sdk/credential-provider-node": {
      "version": "3.826.0",
      "license": "Apache-2.0",
      "dependencies": {
        "@aws-sdk/credential-provider-env": "3.826.0",
        "@aws-sdk/credential-provider-http": "3.826.0",
        "@aws-sdk/credential-provider-ini": "3.826.0",
        "@aws-sdk/credential-provider-process": "3.826.0",
        "@aws-sdk/credential-provider-sso": "3.826.0",
        "@aws-sdk/credential-provider-web-identity": "3.826.0",
        "@aws-sdk/types": "3.821.0",
        "@smithy/credential-provider-imds": "^4.0.6",
        "@smithy/property-provider": "^4.0.4",
        "@smithy/shared-ini-file-loader": "^4.0.4",
        "@smithy/types": "^4.3.1",
        "tslib": "^2.6.2"
      },
      "engines": {
        "node": ">=18.0.0"
      }
    },
    "node_modules/@aws-sdk/credential-provider-node/node_modules/@smithy/credential-provider-imds": {
      "version": "4.0.6",
      "resolved": "https://registry.npmjs.org/@smithy/credential-provider-imds/-/credential-provider-imds-4.0.6.tgz",
      "integrity": "sha512-hKMWcANhUiNbCJouYkZ9V3+/Qf9pteR1dnwgdyzR09R4ODEYx8BbUysHwRSyex4rZ9zapddZhLFTnT4ZijR4pw==",
      "license": "Apache-2.0",
      "dependencies": {
        "@smithy/node-config-provider": "^4.1.3",
        "@smithy/property-provider": "^4.0.4",
        "@smithy/types": "^4.3.1",
        "@smithy/url-parser": "^4.0.4",
        "tslib": "^2.6.2"
      },
      "engines": {
        "node": ">=18.0.0"
      }
    },
    "node_modules/@aws-sdk/credential-provider-process": {
      "version": "3.826.0",
      "license": "Apache-2.0",
      "dependencies": {
        "@aws-sdk/core": "3.826.0",
        "@aws-sdk/types": "3.821.0",
        "@smithy/property-provider": "^4.0.4",
        "@smithy/shared-ini-file-loader": "^4.0.4",
        "@smithy/types": "^4.3.1",
        "tslib": "^2.6.2"
      },
      "engines": {
        "node": ">=18.0.0"
      }
    },
    "node_modules/@aws-sdk/credential-provider-sso": {
      "version": "3.826.0",
      "license": "Apache-2.0",
      "dependencies": {
        "@aws-sdk/client-sso": "3.826.0",
        "@aws-sdk/core": "3.826.0",
        "@aws-sdk/token-providers": "3.826.0",
        "@aws-sdk/types": "3.821.0",
        "@smithy/property-provider": "^4.0.4",
        "@smithy/shared-ini-file-loader": "^4.0.4",
        "@smithy/types": "^4.3.1",
        "tslib": "^2.6.2"
      },
      "engines": {
        "node": ">=18.0.0"
      }
    },
    "node_modules/@aws-sdk/credential-provider-sso/node_modules/@aws-sdk/client-sso": {
      "version": "3.826.0",
      "resolved": "https://registry.npmjs.org/@aws-sdk/client-sso/-/client-sso-3.826.0.tgz",
      "integrity": "sha512-/FEKnUC3xPkLL4RuRydwzx+y4b55HIX6qLPbGnyIs+sNmCUyc/62ijtV1Ml+b++YzEF6jWNBsJOxeyZdgrJ3Ig==",
      "license": "Apache-2.0",
      "dependencies": {
        "@aws-crypto/sha256-browser": "5.2.0",
        "@aws-crypto/sha256-js": "5.2.0",
        "@aws-sdk/core": "3.826.0",
        "@aws-sdk/middleware-host-header": "3.821.0",
        "@aws-sdk/middleware-logger": "3.821.0",
        "@aws-sdk/middleware-recursion-detection": "3.821.0",
        "@aws-sdk/middleware-user-agent": "3.826.0",
        "@aws-sdk/region-config-resolver": "3.821.0",
        "@aws-sdk/types": "3.821.0",
        "@aws-sdk/util-endpoints": "3.821.0",
        "@aws-sdk/util-user-agent-browser": "3.821.0",
        "@aws-sdk/util-user-agent-node": "3.826.0",
        "@smithy/config-resolver": "^4.1.4",
        "@smithy/core": "^3.5.3",
        "@smithy/fetch-http-handler": "^5.0.4",
        "@smithy/hash-node": "^4.0.4",
        "@smithy/invalid-dependency": "^4.0.4",
        "@smithy/middleware-content-length": "^4.0.4",
        "@smithy/middleware-endpoint": "^4.1.11",
        "@smithy/middleware-retry": "^4.1.12",
        "@smithy/middleware-serde": "^4.0.8",
        "@smithy/middleware-stack": "^4.0.4",
        "@smithy/node-config-provider": "^4.1.3",
        "@smithy/node-http-handler": "^4.0.6",
        "@smithy/protocol-http": "^5.1.2",
        "@smithy/smithy-client": "^4.4.3",
        "@smithy/types": "^4.3.1",
        "@smithy/url-parser": "^4.0.4",
        "@smithy/util-base64": "^4.0.0",
        "@smithy/util-body-length-browser": "^4.0.0",
        "@smithy/util-body-length-node": "^4.0.0",
        "@smithy/util-defaults-mode-browser": "^4.0.19",
        "@smithy/util-defaults-mode-node": "^4.0.19",
        "@smithy/util-endpoints": "^3.0.6",
        "@smithy/util-middleware": "^4.0.4",
        "@smithy/util-retry": "^4.0.5",
        "@smithy/util-utf8": "^4.0.0",
        "tslib": "^2.6.2"
      },
      "engines": {
        "node": ">=18.0.0"
      }
    },
    "node_modules/@aws-sdk/credential-provider-web-identity": {
      "version": "3.826.0",
      "license": "Apache-2.0",
      "dependencies": {
        "@aws-sdk/core": "3.826.0",
        "@aws-sdk/nested-clients": "3.826.0",
        "@aws-sdk/types": "3.821.0",
        "@smithy/property-provider": "^4.0.4",
        "@smithy/types": "^4.3.1",
        "tslib": "^2.6.2"
      },
      "engines": {
        "node": ">=18.0.0"
      }
    },
    "node_modules/@aws-sdk/credential-provider-web-identity/node_modules/@aws-sdk/nested-clients": {
      "version": "3.826.0",
      "resolved": "https://registry.npmjs.org/@aws-sdk/nested-clients/-/nested-clients-3.826.0.tgz",
      "integrity": "sha512-p7olPq0uTtHqGuXI1GSc/gzKDvV55PMbLtnmupEDfnY9SoRu+QatbWQ6da9sI1lhOcNmRMgiNQBXFzaUFrG+SQ==",
      "license": "Apache-2.0",
      "dependencies": {
        "@aws-crypto/sha256-browser": "5.2.0",
        "@aws-crypto/sha256-js": "5.2.0",
        "@aws-sdk/core": "3.826.0",
        "@aws-sdk/middleware-host-header": "3.821.0",
        "@aws-sdk/middleware-logger": "3.821.0",
        "@aws-sdk/middleware-recursion-detection": "3.821.0",
        "@aws-sdk/middleware-user-agent": "3.826.0",
        "@aws-sdk/region-config-resolver": "3.821.0",
        "@aws-sdk/types": "3.821.0",
        "@aws-sdk/util-endpoints": "3.821.0",
        "@aws-sdk/util-user-agent-browser": "3.821.0",
        "@aws-sdk/util-user-agent-node": "3.826.0",
        "@smithy/config-resolver": "^4.1.4",
        "@smithy/core": "^3.5.3",
        "@smithy/fetch-http-handler": "^5.0.4",
        "@smithy/hash-node": "^4.0.4",
        "@smithy/invalid-dependency": "^4.0.4",
        "@smithy/middleware-content-length": "^4.0.4",
        "@smithy/middleware-endpoint": "^4.1.11",
        "@smithy/middleware-retry": "^4.1.12",
        "@smithy/middleware-serde": "^4.0.8",
        "@smithy/middleware-stack": "^4.0.4",
        "@smithy/node-config-provider": "^4.1.3",
        "@smithy/node-http-handler": "^4.0.6",
        "@smithy/protocol-http": "^5.1.2",
        "@smithy/smithy-client": "^4.4.3",
        "@smithy/types": "^4.3.1",
        "@smithy/url-parser": "^4.0.4",
        "@smithy/util-base64": "^4.0.0",
        "@smithy/util-body-length-browser": "^4.0.0",
        "@smithy/util-body-length-node": "^4.0.0",
        "@smithy/util-defaults-mode-browser": "^4.0.19",
        "@smithy/util-defaults-mode-node": "^4.0.19",
        "@smithy/util-endpoints": "^3.0.6",
        "@smithy/util-middleware": "^4.0.4",
        "@smithy/util-retry": "^4.0.5",
        "@smithy/util-utf8": "^4.0.0",
        "tslib": "^2.6.2"
      },
      "engines": {
        "node": ">=18.0.0"
      }
    },
    "node_modules/@aws-sdk/endpoint-cache": {
      "version": "3.804.0",
      "license": "Apache-2.0",
      "dependencies": {
        "mnemonist": "0.38.3",
        "tslib": "^2.6.2"
      },
      "engines": {
        "node": ">=18.0.0"
      }
    },
    "node_modules/@aws-sdk/endpoint-cache/node_modules/mnemonist": {
      "version": "0.38.3",
      "resolved": "https://registry.npmjs.org/mnemonist/-/mnemonist-0.38.3.tgz",
      "integrity": "sha512-2K9QYubXx/NAjv4VLq1d1Ly8pWNC5L3BrixtdkyTegXWJIqY+zLNDhhX/A+ZwWt70tB1S8H4BE8FLYEFyNoOBw==",
      "license": "MIT",
      "dependencies": {
        "obliterator": "^1.6.1"
      }
    },
    "node_modules/@aws-sdk/lib-dynamodb": {
      "version": "3.826.0",
      "resolved": "https://registry.npmjs.org/@aws-sdk/lib-dynamodb/-/lib-dynamodb-3.826.0.tgz",
      "integrity": "sha512-KFHccreS1XY8geyz4plsH+DR5SXEh2jVe3+bguHPjE1XIyz6k02IUXjlpWlaL14kkAVmQ27XNrGHnnpshrbIag==",
      "license": "Apache-2.0",
      "dependencies": {
        "@aws-sdk/core": "3.826.0",
        "@aws-sdk/util-dynamodb": "3.826.0",
        "@smithy/core": "^3.5.3",
        "@smithy/smithy-client": "^4.4.3",
        "@smithy/types": "^4.3.1",
        "tslib": "^2.6.2"
      },
      "engines": {
        "node": ">=18.0.0"
      },
      "peerDependencies": {
        "@aws-sdk/client-dynamodb": "^3.826.0"
      }
    },
    "node_modules/@aws-sdk/middleware-endpoint-discovery": {
      "version": "3.821.0",
      "license": "Apache-2.0",
      "dependencies": {
        "@aws-sdk/endpoint-cache": "3.804.0",
        "@aws-sdk/types": "3.821.0",
        "@smithy/node-config-provider": "^4.1.3",
        "@smithy/protocol-http": "^5.1.2",
        "@smithy/types": "^4.3.1",
        "tslib": "^2.6.2"
      },
      "engines": {
        "node": ">=18.0.0"
      }
    },
    "node_modules/@aws-sdk/middleware-host-header": {
      "version": "3.821.0",
      "license": "Apache-2.0",
      "dependencies": {
        "@aws-sdk/types": "3.821.0",
        "@smithy/protocol-http": "^5.1.2",
        "@smithy/types": "^4.3.1",
        "tslib": "^2.6.2"
      },
      "engines": {
        "node": ">=18.0.0"
      }
    },
    "node_modules/@aws-sdk/middleware-logger": {
      "version": "3.821.0",
      "license": "Apache-2.0",
      "dependencies": {
        "@aws-sdk/types": "3.821.0",
        "@smithy/types": "^4.3.1",
        "tslib": "^2.6.2"
      },
      "engines": {
        "node": ">=18.0.0"
      }
    },
    "node_modules/@aws-sdk/middleware-recursion-detection": {
      "version": "3.821.0",
      "license": "Apache-2.0",
      "dependencies": {
        "@aws-sdk/types": "3.821.0",
        "@smithy/protocol-http": "^5.1.2",
        "@smithy/types": "^4.3.1",
        "tslib": "^2.6.2"
      },
      "engines": {
        "node": ">=18.0.0"
      }
    },
    "node_modules/@aws-sdk/middleware-user-agent": {
      "version": "3.826.0",
      "license": "Apache-2.0",
      "dependencies": {
        "@aws-sdk/core": "3.826.0",
        "@aws-sdk/types": "3.821.0",
        "@aws-sdk/util-endpoints": "3.821.0",
        "@smithy/core": "^3.5.3",
        "@smithy/protocol-http": "^5.1.2",
        "@smithy/types": "^4.3.1",
        "tslib": "^2.6.2"
      },
      "engines": {
        "node": ">=18.0.0"
      }
    },
    "node_modules/@aws-sdk/region-config-resolver": {
      "version": "3.821.0",
      "license": "Apache-2.0",
      "dependencies": {
        "@aws-sdk/types": "3.821.0",
        "@smithy/node-config-provider": "^4.1.3",
        "@smithy/types": "^4.3.1",
        "@smithy/util-config-provider": "^4.0.0",
        "@smithy/util-middleware": "^4.0.4",
        "tslib": "^2.6.2"
      },
      "engines": {
        "node": ">=18.0.0"
      }
    },
    "node_modules/@aws-sdk/token-providers": {
      "version": "3.826.0",
      "license": "Apache-2.0",
      "dependencies": {
        "@aws-sdk/core": "3.826.0",
        "@aws-sdk/nested-clients": "3.826.0",
        "@aws-sdk/types": "3.821.0",
        "@smithy/property-provider": "^4.0.4",
        "@smithy/shared-ini-file-loader": "^4.0.4",
        "@smithy/types": "^4.3.1",
        "tslib": "^2.6.2"
      },
      "engines": {
        "node": ">=18.0.0"
      }
    },
    "node_modules/@aws-sdk/token-providers/node_modules/@aws-sdk/nested-clients": {
      "version": "3.826.0",
      "resolved": "https://registry.npmjs.org/@aws-sdk/nested-clients/-/nested-clients-3.826.0.tgz",
      "integrity": "sha512-p7olPq0uTtHqGuXI1GSc/gzKDvV55PMbLtnmupEDfnY9SoRu+QatbWQ6da9sI1lhOcNmRMgiNQBXFzaUFrG+SQ==",
      "license": "Apache-2.0",
      "dependencies": {
        "@aws-crypto/sha256-browser": "5.2.0",
        "@aws-crypto/sha256-js": "5.2.0",
        "@aws-sdk/core": "3.826.0",
        "@aws-sdk/middleware-host-header": "3.821.0",
        "@aws-sdk/middleware-logger": "3.821.0",
        "@aws-sdk/middleware-recursion-detection": "3.821.0",
        "@aws-sdk/middleware-user-agent": "3.826.0",
        "@aws-sdk/region-config-resolver": "3.821.0",
        "@aws-sdk/types": "3.821.0",
        "@aws-sdk/util-endpoints": "3.821.0",
        "@aws-sdk/util-user-agent-browser": "3.821.0",
        "@aws-sdk/util-user-agent-node": "3.826.0",
        "@smithy/config-resolver": "^4.1.4",
        "@smithy/core": "^3.5.3",
        "@smithy/fetch-http-handler": "^5.0.4",
        "@smithy/hash-node": "^4.0.4",
        "@smithy/invalid-dependency": "^4.0.4",
        "@smithy/middleware-content-length": "^4.0.4",
        "@smithy/middleware-endpoint": "^4.1.11",
        "@smithy/middleware-retry": "^4.1.12",
        "@smithy/middleware-serde": "^4.0.8",
        "@smithy/middleware-stack": "^4.0.4",
        "@smithy/node-config-provider": "^4.1.3",
        "@smithy/node-http-handler": "^4.0.6",
        "@smithy/protocol-http": "^5.1.2",
        "@smithy/smithy-client": "^4.4.3",
        "@smithy/types": "^4.3.1",
        "@smithy/url-parser": "^4.0.4",
        "@smithy/util-base64": "^4.0.0",
        "@smithy/util-body-length-browser": "^4.0.0",
        "@smithy/util-body-length-node": "^4.0.0",
        "@smithy/util-defaults-mode-browser": "^4.0.19",
        "@smithy/util-defaults-mode-node": "^4.0.19",
        "@smithy/util-endpoints": "^3.0.6",
        "@smithy/util-middleware": "^4.0.4",
        "@smithy/util-retry": "^4.0.5",
        "@smithy/util-utf8": "^4.0.0",
        "tslib": "^2.6.2"
      },
      "engines": {
        "node": ">=18.0.0"
      }
    },
    "node_modules/@aws-sdk/types": {
      "version": "3.821.0",
      "resolved": "https://registry.npmjs.org/@aws-sdk/types/-/types-3.821.0.tgz",
      "integrity": "sha512-Znroqdai1a90TlxGaJ+FK1lwC0fHpo97Xjsp5UKGR5JODYm7f9+/fF17ebO1KdoBr/Rm0UIFiF5VmI8ts9F1eA==",
      "license": "Apache-2.0",
      "dependencies": {
        "@smithy/types": "^4.3.1",
        "tslib": "^2.6.2"
      },
      "engines": {
        "node": ">=18.0.0"
      }
    },
    "node_modules/@aws-sdk/util-dynamodb": {
      "version": "3.826.0",
      "resolved": "https://registry.npmjs.org/@aws-sdk/util-dynamodb/-/util-dynamodb-3.826.0.tgz",
      "integrity": "sha512-4zsbpJ9wEnDDvCTrhPCc/iLkn8Bf0+ux4iK39b4cX11sSPVtwTUnpnGHyilApKWaxBKwNIJHicwskwORxqR2mw==",
      "license": "Apache-2.0",
      "dependencies": {
        "tslib": "^2.6.2"
      },
      "engines": {
        "node": ">=18.0.0"
      },
      "peerDependencies": {
        "@aws-sdk/client-dynamodb": "^3.826.0"
      }
    },
    "node_modules/@aws-sdk/util-endpoints": {
      "version": "3.821.0",
      "resolved": "https://registry.npmjs.org/@aws-sdk/util-endpoints/-/util-endpoints-3.821.0.tgz",
      "integrity": "sha512-Uknt/zUZnLE76zaAAPEayOeF5/4IZ2puTFXvcSCWHsi9m3tqbb9UozlnlVqvCZLCRWfQryZQoG2W4XSS3qgk5A==",
      "license": "Apache-2.0",
      "dependencies": {
        "@aws-sdk/types": "3.821.0",
        "@smithy/types": "^4.3.1",
        "@smithy/util-endpoints": "^3.0.6",
        "tslib": "^2.6.2"
      },
      "engines": {
        "node": ">=18.0.0"
      }
    },
    "node_modules/@aws-sdk/util-locate-window": {
      "version": "3.804.0",
      "license": "Apache-2.0",
      "dependencies": {
        "tslib": "^2.6.2"
      },
      "engines": {
        "node": ">=18.0.0"
      }
    },
    "node_modules/@aws-sdk/util-user-agent-browser": {
      "version": "3.821.0",
      "license": "Apache-2.0",
      "dependencies": {
        "@aws-sdk/types": "3.821.0",
        "@smithy/types": "^4.3.1",
        "bowser": "^2.11.0",
        "tslib": "^2.6.2"
      }
    },
    "node_modules/@aws-sdk/util-user-agent-node": {
      "version": "3.826.0",
      "license": "Apache-2.0",
      "dependencies": {
        "@aws-sdk/middleware-user-agent": "3.826.0",
        "@aws-sdk/types": "3.821.0",
        "@smithy/node-config-provider": "^4.1.3",
        "@smithy/types": "^4.3.1",
        "tslib": "^2.6.2"
      },
      "engines": {
        "node": ">=18.0.0"
      },
      "peerDependencies": {
        "aws-crt": ">=1.0.0"
      },
      "peerDependenciesMeta": {
        "aws-crt": {
          "optional": true
        }
      }
    },
    "node_modules/@aws-sdk/xml-builder": {
      "version": "3.821.0",
      "license": "Apache-2.0",
      "dependencies": {
        "@smithy/types": "^4.3.1",
        "tslib": "^2.6.2"
      },
      "engines": {
        "node": ">=18.0.0"
      }
    },
    "node_modules/@smithy/abort-controller": {
      "version": "4.0.4",
      "license": "Apache-2.0",
      "dependencies": {
        "@smithy/types": "^4.3.1",
        "tslib": "^2.6.2"
      },
      "engines": {
        "node": ">=18.0.0"
      }
    },
    "node_modules/@smithy/config-resolver": {
      "version": "4.1.4",
      "resolved": "https://registry.npmjs.org/@smithy/config-resolver/-/config-resolver-4.1.4.tgz",
      "integrity": "sha512-prmU+rDddxHOH0oNcwemL+SwnzcG65sBF2yXRO7aeXIn/xTlq2pX7JLVbkBnVLowHLg4/OL4+jBmv9hVrVGS+w==",
      "license": "Apache-2.0",
      "dependencies": {
        "@smithy/node-config-provider": "^4.1.3",
        "@smithy/types": "^4.3.1",
        "@smithy/util-config-provider": "^4.0.0",
        "@smithy/util-middleware": "^4.0.4",
        "tslib": "^2.6.2"
      },
      "engines": {
        "node": ">=18.0.0"
      }
    },
    "node_modules/@smithy/core": {
      "version": "3.5.3",
      "resolved": "https://registry.npmjs.org/@smithy/core/-/core-3.5.3.tgz",
      "integrity": "sha512-xa5byV9fEguZNofCclv6v9ra0FYh5FATQW/da7FQUVTic94DfrN/NvmKZjrMyzbpqfot9ZjBaO8U1UeTbmSLuA==",
      "license": "Apache-2.0",
      "dependencies": {
        "@smithy/middleware-serde": "^4.0.8",
        "@smithy/protocol-http": "^5.1.2",
        "@smithy/types": "^4.3.1",
        "@smithy/util-base64": "^4.0.0",
        "@smithy/util-body-length-browser": "^4.0.0",
        "@smithy/util-middleware": "^4.0.4",
        "@smithy/util-stream": "^4.2.2",
        "@smithy/util-utf8": "^4.0.0",
        "tslib": "^2.6.2"
      },
      "engines": {
        "node": ">=18.0.0"
      }
    },
    "node_modules/@smithy/core/node_modules/@smithy/util-stream": {
      "version": "4.2.2",
      "resolved": "https://registry.npmjs.org/@smithy/util-stream/-/util-stream-4.2.2.tgz",
      "integrity": "sha512-aI+GLi7MJoVxg24/3J1ipwLoYzgkB4kUfogZfnslcYlynj3xsQ0e7vk4TnTro9hhsS5PvX1mwmkRqqHQjwcU7w==",
      "license": "Apache-2.0",
      "dependencies": {
        "@smithy/fetch-http-handler": "^5.0.4",
        "@smithy/node-http-handler": "^4.0.6",
        "@smithy/types": "^4.3.1",
        "@smithy/util-base64": "^4.0.0",
        "@smithy/util-buffer-from": "^4.0.0",
        "@smithy/util-hex-encoding": "^4.0.0",
        "@smithy/util-utf8": "^4.0.0",
        "tslib": "^2.6.2"
      },
      "engines": {
        "node": ">=18.0.0"
      }
    },
    "node_modules/@smithy/fetch-http-handler": {
      "version": "5.0.4",
      "license": "Apache-2.0",
      "dependencies": {
        "@smithy/protocol-http": "^5.1.2",
        "@smithy/querystring-builder": "^4.0.4",
        "@smithy/types": "^4.3.1",
        "@smithy/util-base64": "^4.0.0",
        "tslib": "^2.6.2"
      },
      "engines": {
        "node": ">=18.0.0"
      }
    },
    "node_modules/@smithy/hash-node": {
      "version": "4.0.4",
      "license": "Apache-2.0",
      "dependencies": {
        "@smithy/types": "^4.3.1",
        "@smithy/util-buffer-from": "^4.0.0",
        "@smithy/util-utf8": "^4.0.0",
        "tslib": "^2.6.2"
      },
      "engines": {
        "node": ">=18.0.0"
      }
    },
    "node_modules/@smithy/invalid-dependency": {
      "version": "4.0.4",
      "license": "Apache-2.0",
      "dependencies": {
        "@smithy/types": "^4.3.1",
        "tslib": "^2.6.2"
      },
      "engines": {
        "node": ">=18.0.0"
      }
    },
    "node_modules/@smithy/is-array-buffer": {
      "version": "4.0.0",
      "license": "Apache-2.0",
      "dependencies": {
        "tslib": "^2.6.2"
      },
      "engines": {
        "node": ">=18.0.0"
      }
    },
    "node_modules/@smithy/middleware-content-length": {
      "version": "4.0.4",
      "license": "Apache-2.0",
      "dependencies": {
        "@smithy/protocol-http": "^5.1.2",
        "@smithy/types": "^4.3.1",
        "tslib": "^2.6.2"
      },
      "engines": {
        "node": ">=18.0.0"
      }
    },
    "node_modules/@smithy/middleware-endpoint": {
      "version": "4.1.11",
      "resolved": "https://registry.npmjs.org/@smithy/middleware-endpoint/-/middleware-endpoint-4.1.11.tgz",
      "integrity": "sha512-zDogwtRLzKl58lVS8wPcARevFZNBOOqnmzWWxVe9XiaXU2CADFjvJ9XfNibgkOWs08sxLuSr81NrpY4mgp9OwQ==",
      "license": "Apache-2.0",
      "dependencies": {
        "@smithy/core": "^3.5.3",
        "@smithy/middleware-serde": "^4.0.8",
        "@smithy/node-config-provider": "^4.1.3",
        "@smithy/shared-ini-file-loader": "^4.0.4",
        "@smithy/types": "^4.3.1",
        "@smithy/url-parser": "^4.0.4",
        "@smithy/util-middleware": "^4.0.4",
        "tslib": "^2.6.2"
      },
      "engines": {
        "node": ">=18.0.0"
      }
    },
    "node_modules/@smithy/middleware-retry": {
      "version": "4.1.12",
      "resolved": "https://registry.npmjs.org/@smithy/middleware-retry/-/middleware-retry-4.1.12.tgz",
      "integrity": "sha512-wvIH70c4e91NtRxdaLZF+mbLZ/HcC6yg7ySKUiufL6ESp6zJUSnJucZ309AvG9nqCFHSRB5I6T3Ez1Q9wCh0Ww==",
      "license": "Apache-2.0",
      "dependencies": {
        "@smithy/node-config-provider": "^4.1.3",
        "@smithy/protocol-http": "^5.1.2",
        "@smithy/service-error-classification": "^4.0.5",
        "@smithy/smithy-client": "^4.4.3",
        "@smithy/types": "^4.3.1",
        "@smithy/util-middleware": "^4.0.4",
        "@smithy/util-retry": "^4.0.5",
        "tslib": "^2.6.2",
        "uuid": "^9.0.1"
      },
      "engines": {
        "node": ">=18.0.0"
      }
    },
    "node_modules/@smithy/middleware-serde": {
      "version": "4.0.8",
      "license": "Apache-2.0",
      "dependencies": {
        "@smithy/protocol-http": "^5.1.2",
        "@smithy/types": "^4.3.1",
        "tslib": "^2.6.2"
      },
      "engines": {
        "node": ">=18.0.0"
      }
    },
    "node_modules/@smithy/middleware-stack": {
      "version": "4.0.4",
      "license": "Apache-2.0",
      "dependencies": {
        "@smithy/types": "^4.3.1",
        "tslib": "^2.6.2"
      },
      "engines": {
        "node": ">=18.0.0"
      }
    },
    "node_modules/@smithy/node-config-provider": {
      "version": "4.1.3",
      "license": "Apache-2.0",
      "dependencies": {
        "@smithy/property-provider": "^4.0.4",
        "@smithy/shared-ini-file-loader": "^4.0.4",
        "@smithy/types": "^4.3.1",
        "tslib": "^2.6.2"
      },
      "engines": {
        "node": ">=18.0.0"
      }
    },
    "node_modules/@smithy/node-http-handler": {
      "version": "4.0.6",
      "resolved": "https://registry.npmjs.org/@smithy/node-http-handler/-/node-http-handler-4.0.6.tgz",
      "integrity": "sha512-NqbmSz7AW2rvw4kXhKGrYTiJVDHnMsFnX4i+/FzcZAfbOBauPYs2ekuECkSbtqaxETLLTu9Rl/ex6+I2BKErPA==",
      "license": "Apache-2.0",
      "dependencies": {
        "@smithy/abort-controller": "^4.0.4",
        "@smithy/protocol-http": "^5.1.2",
        "@smithy/querystring-builder": "^4.0.4",
        "@smithy/types": "^4.3.1",
        "tslib": "^2.6.2"
      },
      "engines": {
        "node": ">=18.0.0"
      }
    },
    "node_modules/@smithy/property-provider": {
      "version": "4.0.4",
      "license": "Apache-2.0",
      "dependencies": {
        "@smithy/types": "^4.3.1",
        "tslib": "^2.6.2"
      },
      "engines": {
        "node": ">=18.0.0"
      }
    },
    "node_modules/@smithy/protocol-http": {
      "version": "5.1.2",
      "resolved": "https://registry.npmjs.org/@smithy/protocol-http/-/protocol-http-5.1.2.tgz",
      "integrity": "sha512-rOG5cNLBXovxIrICSBm95dLqzfvxjEmuZx4KK3hWwPFHGdW3lxY0fZNXfv2zebfRO7sJZ5pKJYHScsqopeIWtQ==",
      "license": "Apache-2.0",
      "dependencies": {
        "@smithy/types": "^4.3.1",
        "tslib": "^2.6.2"
      },
      "engines": {
        "node": ">=18.0.0"
      }
    },
    "node_modules/@smithy/querystring-builder": {
      "version": "4.0.4",
      "license": "Apache-2.0",
      "dependencies": {
        "@smithy/types": "^4.3.1",
        "@smithy/util-uri-escape": "^4.0.0",
        "tslib": "^2.6.2"
      },
      "engines": {
        "node": ">=18.0.0"
      }
    },
    "node_modules/@smithy/querystring-parser": {
      "version": "4.0.4",
      "license": "Apache-2.0",
      "dependencies": {
        "@smithy/types": "^4.3.1",
        "tslib": "^2.6.2"
      },
      "engines": {
        "node": ">=18.0.0"
      }
    },
    "node_modules/@smithy/service-error-classification": {
      "version": "4.0.5",
      "license": "Apache-2.0",
      "dependencies": {
        "@smithy/types": "^4.3.1"
      },
      "engines": {
        "node": ">=18.0.0"
      }
    },
    "node_modules/@smithy/shared-ini-file-loader": {
      "version": "4.0.4",
      "license": "Apache-2.0",
      "dependencies": {
        "@smithy/types": "^4.3.1",
        "tslib": "^2.6.2"
      },
      "engines": {
        "node": ">=18.0.0"
      }
    },
    "node_modules/@smithy/smithy-client": {
      "version": "4.4.3",
      "resolved": "https://registry.npmjs.org/@smithy/smithy-client/-/smithy-client-4.4.3.tgz",
      "integrity": "sha512-xxzNYgA0HD6ETCe5QJubsxP0hQH3QK3kbpJz3QrosBCuIWyEXLR/CO5hFb2OeawEKUxMNhz3a1nuJNN2np2RMA==",
      "license": "Apache-2.0",
      "dependencies": {
        "@smithy/core": "^3.5.3",
        "@smithy/middleware-endpoint": "^4.1.11",
        "@smithy/middleware-stack": "^4.0.4",
        "@smithy/protocol-http": "^5.1.2",
        "@smithy/types": "^4.3.1",
        "@smithy/util-stream": "^4.2.2",
        "tslib": "^2.6.2"
      },
      "engines": {
        "node": ">=18.0.0"
      }
    },
    "node_modules/@smithy/smithy-client/node_modules/@smithy/util-stream": {
      "version": "4.2.2",
      "resolved": "https://registry.npmjs.org/@smithy/util-stream/-/util-stream-4.2.2.tgz",
      "integrity": "sha512-aI+GLi7MJoVxg24/3J1ipwLoYzgkB4kUfogZfnslcYlynj3xsQ0e7vk4TnTro9hhsS5PvX1mwmkRqqHQjwcU7w==",
      "license": "Apache-2.0",
      "dependencies": {
        "@smithy/fetch-http-handler": "^5.0.4",
        "@smithy/node-http-handler": "^4.0.6",
        "@smithy/types": "^4.3.1",
        "@smithy/util-base64": "^4.0.0",
        "@smithy/util-buffer-from": "^4.0.0",
        "@smithy/util-hex-encoding": "^4.0.0",
        "@smithy/util-utf8": "^4.0.0",
        "tslib": "^2.6.2"
      },
      "engines": {
        "node": ">=18.0.0"
      }
    },
    "node_modules/@smithy/types": {
      "version": "4.3.1",
      "resolved": "https://registry.npmjs.org/@smithy/types/-/types-4.3.1.tgz",
      "integrity": "sha512-UqKOQBL2x6+HWl3P+3QqFD4ncKq0I8Nuz9QItGv5WuKuMHuuwlhvqcZCoXGfc+P1QmfJE7VieykoYYmrOoFJxA==",
      "license": "Apache-2.0",
      "dependencies": {
        "tslib": "^2.6.2"
      },
      "engines": {
        "node": ">=18.0.0"
      }
    },
    "node_modules/@smithy/url-parser": {
      "version": "4.0.4",
      "license": "Apache-2.0",
      "dependencies": {
        "@smithy/querystring-parser": "^4.0.4",
        "@smithy/types": "^4.3.1",
        "tslib": "^2.6.2"
      },
      "engines": {
        "node": ">=18.0.0"
      }
    },
    "node_modules/@smithy/util-base64": {
      "version": "4.0.0",
      "license": "Apache-2.0",
      "dependencies": {
        "@smithy/util-buffer-from": "^4.0.0",
        "@smithy/util-utf8": "^4.0.0",
        "tslib": "^2.6.2"
      },
      "engines": {
        "node": ">=18.0.0"
      }
    },
    "node_modules/@smithy/util-body-length-browser": {
      "version": "4.0.0",
      "license": "Apache-2.0",
      "dependencies": {
        "tslib": "^2.6.2"
      },
      "engines": {
        "node": ">=18.0.0"
      }
    },
    "node_modules/@smithy/util-body-length-node": {
      "version": "4.0.0",
      "license": "Apache-2.0",
      "dependencies": {
        "tslib": "^2.6.2"
      },
      "engines": {
        "node": ">=18.0.0"
      }
    },
    "node_modules/@smithy/util-buffer-from": {
      "version": "4.0.0",
      "license": "Apache-2.0",
      "dependencies": {
        "@smithy/is-array-buffer": "^4.0.0",
        "tslib": "^2.6.2"
      },
      "engines": {
        "node": ">=18.0.0"
      }
    },
    "node_modules/@smithy/util-config-provider": {
      "version": "4.0.0",
      "license": "Apache-2.0",
      "dependencies": {
        "tslib": "^2.6.2"
      },
      "engines": {
        "node": ">=18.0.0"
      }
    },
    "node_modules/@smithy/util-defaults-mode-browser": {
      "version": "4.0.19",
      "license": "Apache-2.0",
      "dependencies": {
        "@smithy/property-provider": "^4.0.4",
        "@smithy/smithy-client": "^4.4.3",
        "@smithy/types": "^4.3.1",
        "bowser": "^2.11.0",
        "tslib": "^2.6.2"
      },
      "engines": {
        "node": ">=18.0.0"
      }
    },
    "node_modules/@smithy/util-defaults-mode-node": {
      "version": "4.0.19",
      "license": "Apache-2.0",
      "dependencies": {
        "@smithy/config-resolver": "^4.1.4",
        "@smithy/credential-provider-imds": "^4.0.6",
        "@smithy/node-config-provider": "^4.1.3",
        "@smithy/property-provider": "^4.0.4",
        "@smithy/smithy-client": "^4.4.3",
        "@smithy/types": "^4.3.1",
        "tslib": "^2.6.2"
      },
      "engines": {
        "node": ">=18.0.0"
      }
    },
    "node_modules/@smithy/util-defaults-mode-node/node_modules/@smithy/credential-provider-imds": {
      "version": "4.0.6",
      "resolved": "https://registry.npmjs.org/@smithy/credential-provider-imds/-/credential-provider-imds-4.0.6.tgz",
      "integrity": "sha512-hKMWcANhUiNbCJouYkZ9V3+/Qf9pteR1dnwgdyzR09R4ODEYx8BbUysHwRSyex4rZ9zapddZhLFTnT4ZijR4pw==",
      "license": "Apache-2.0",
      "dependencies": {
        "@smithy/node-config-provider": "^4.1.3",
        "@smithy/property-provider": "^4.0.4",
        "@smithy/types": "^4.3.1",
        "@smithy/url-parser": "^4.0.4",
        "tslib": "^2.6.2"
      },
      "engines": {
        "node": ">=18.0.0"
      }
    },
    "node_modules/@smithy/util-endpoints": {
      "version": "3.0.6",
      "resolved": "https://registry.npmjs.org/@smithy/util-endpoints/-/util-endpoints-3.0.6.tgz",
      "integrity": "sha512-YARl3tFL3WgPuLzljRUnrS2ngLiUtkwhQtj8PAL13XZSyUiNLQxwG3fBBq3QXFqGFUXepIN73pINp3y8c2nBmA==",
      "license": "Apache-2.0",
      "dependencies": {
        "@smithy/node-config-provider": "^4.1.3",
        "@smithy/types": "^4.3.1",
        "tslib": "^2.6.2"
      },
      "engines": {
        "node": ">=18.0.0"
      }
    },
    "node_modules/@smithy/util-hex-encoding": {
      "version": "4.0.0",
      "license": "Apache-2.0",
      "dependencies": {
        "tslib": "^2.6.2"
      },
      "engines": {
        "node": ">=18.0.0"
      }
    },
    "node_modules/@smithy/util-middleware": {
      "version": "4.0.4",
      "license": "Apache-2.0",
      "dependencies": {
        "@smithy/types": "^4.3.1",
        "tslib": "^2.6.2"
      },
      "engines": {
        "node": ">=18.0.0"
      }
    },
    "node_modules/@smithy/util-retry": {
      "version": "4.0.5",
      "license": "Apache-2.0",
      "dependencies": {
        "@smithy/service-error-classification": "^4.0.5",
        "@smithy/types": "^4.3.1",
        "tslib": "^2.6.2"
      },
      "engines": {
        "node": ">=18.0.0"
      }
    },
    "node_modules/@smithy/util-uri-escape": {
      "version": "4.0.0",
      "license": "Apache-2.0",
      "dependencies": {
        "tslib": "^2.6.2"
      },
      "engines": {
        "node": ">=18.0.0"
      }
    },
    "node_modules/@smithy/util-utf8": {
      "version": "4.0.0",
      "license": "Apache-2.0",
      "dependencies": {
        "@smithy/util-buffer-from": "^4.0.0",
        "tslib": "^2.6.2"
      },
      "engines": {
        "node": ">=18.0.0"
      }
    },
    "node_modules/@smithy/util-waiter": {
      "version": "4.0.5",
      "license": "Apache-2.0",
      "dependencies": {
        "@smithy/abort-controller": "^4.0.4",
        "@smithy/types": "^4.3.1",
        "tslib": "^2.6.2"
      },
      "engines": {
        "node": ">=18.0.0"
      }
    },
    "node_modules/@types/uuid": {
      "version": "9.0.8",
      "license": "MIT"
    },
    "node_modules/bowser": {
      "version": "2.11.0",
      "license": "MIT"
    },
    "node_modules/obliterator": {
      "version": "1.6.1",
      "license": "MIT"
    },
    "node_modules/strnum": {
      "version": "1.1.2",
      "funding": [
        {
          "type": "github",
          "url": "https://github.com/sponsors/NaturalIntelligence"
        }
      ],
      "license": "MIT"
    },
    "node_modules/tslib": {
      "version": "2.8.1",
      "license": "0BSD"
    },
    "node_modules/uuid": {
      "version": "9.0.1",
      "resolved": "https://registry.npmjs.org/uuid/-/uuid-9.0.1.tgz",
      "integrity": "sha512-b+1eJOlsR9K8HJpow9Ok3fiWOWSIcIzXodvv0rQjVoOVNpWMpxf1wZNpt4y9h10odCNrqnYp1OBzRktckBe3sA==",
      "funding": [
        "https://github.com/sponsors/broofa",
        "https://github.com/sponsors/ctavan"
      ],
      "license": "MIT",
      "bin": {
        "uuid": "dist/bin/uuid"
      }
    }
  }
}
